
Microsoft Visual Studio Solution File, Format Version 12.00
# Visual Studio 15
Project("{FAE04EC0-301F-11D3-BF4B-00C04F79EFBC}") = "ComanderoMovil.Android", "ComanderoMovil.Android\ComanderoMovil.Android.csproj", "{1F8D7E04-C03D-4852-8A1F-24B5F36D3BBE}"
EndProject
Project("{FAE04EC0-301F-11D3-BF4B-00C04F79EFBC}") = "ComanderoMovil.iOS", "ComanderoMovil.iOS\ComanderoMovil.iOS.csproj", "{7C4F2D50-8F26-4E7A-8482-070807F53C82}"
EndProject
Project("{FAE04EC0-301F-11D3-BF4B-00C04F79EFBC}") = "ComanderoMovil", "ComanderoMovil\ComanderoMovil.csproj", "{FE739FDB-E802-415F-AE00-20718C9809EA}"
EndProject
Global
	GlobalSection(SolutionConfigurationPlatforms) = preSolution
		Debug|Any CPU = Debug|Any CPU
		Release|Any CPU = Release|Any CPU
		Debug|iPhoneSimulator = Debug|iPhoneSimulator
		Release|iPhoneSimulator = Release|iPhoneSimulator
		Debug|iPhone = Debug|iPhone
		Release|iPhone = Release|iPhone
	EndGlobalSection
	GlobalSection(ProjectConfigurationPlatforms) = postSolution
		{1F8D7E04-C03D-4852-8A1F-24B5F36D3BBE}.Debug|Any CPU.ActiveCfg = Debug|Any CPU
		{1F8D7E04-C03D-4852-8A1F-24B5F36D3BBE}.Debug|Any CPU.Build.0 = Debug|Any CPU
		{1F8D7E04-C03D-4852-8A1F-24B5F36D3BBE}.Release|Any CPU.ActiveCfg = Release|Any CPU
		{1F8D7E04-C03D-4852-8A1F-24B5F36D3BBE}.Release|Any CPU.Build.0 = Release|Any CPU
		{1F8D7E04-C03D-4852-8A1F-24B5F36D3BBE}.Debug|iPhoneSimulator.ActiveCfg = Debug|Any CPU
		{1F8D7E04-C03D-4852-8A1F-24B5F36D3BBE}.Debug|iPhoneSimulator.Build.0 = Debug|Any CPU
		{1F8D7E04-C03D-4852-8A1F-24B5F36D3BBE}.Release|iPhoneSimulator.ActiveCfg = Release|Any CPU
		{1F8D7E04-C03D-4852-8A1F-24B5F36D3BBE}.Release|iPhoneSimulator.Build.0 = Release|Any CPU
		{1F8D7E04-C03D-4852-8A1F-24B5F36D3BBE}.Debug|iPhone.ActiveCfg = Debug|Any CPU
		{1F8D7E04-C03D-4852-8A1F-24B5F36D3BBE}.Debug|iPhone.Build.0 = Debug|Any CPU
		{1F8D7E04-C03D-4852-8A1F-24B5F36D3BBE}.Release|iPhone.ActiveCfg = Release|Any CPU
		{1F8D7E04-C03D-4852-8A1F-24B5F36D3BBE}.Release|iPhone.Build.0 = Release|Any CPU
		{7C4F2D50-8F26-4E7A-8482-070807F53C82}.Debug|Any CPU.ActiveCfg = Debug|iPhoneSimulator
		{7C4F2D50-8F26-4E7A-8482-070807F53C82}.Debug|Any CPU.Build.0 = Debug|iPhoneSimulator
		{7C4F2D50-8F26-4E7A-8482-070807F53C82}.Release|Any CPU.ActiveCfg = Release|iPhoneSimulator
		{7C4F2D50-8F26-4E7A-8482-070807F53C82}.Release|Any CPU.Build.0 = Release|iPhoneSimulator
		{7C4F2D50-8F26-4E7A-8482-070807F53C82}.Debug|iPhoneSimulator.ActiveCfg = Debug|iPhoneSimulator
		{7C4F2D50-8F26-4E7A-8482-070807F53C82}.Debug|iPhoneSimulator.Build.0 = Debug|iPhoneSimulator
		{7C4F2D50-8F26-4E7A-8482-070807F53C82}.Release|iPhoneSimulator.ActiveCfg = Release|iPhoneSimulator
		{7C4F2D50-8F26-4E7A-8482-070807F53C82}.Release|iPhoneSimulator.Build.0 = Release|iPhoneSimulator
		{7C4F2D50-8F26-4E7A-8482-070807F53C82}.Debug|iPhone.ActiveCfg = Debug|iPhone
		{7C4F2D50-8F26-4E7A-8482-070807F53C82}.Debug|iPhone.Build.0 = Debug|iPhone
		{7C4F2D50-8F26-4E7A-8482-070807F53C82}.Release|iPhone.ActiveCfg = Release|iPhone
		{7C4F2D50-8F26-4E7A-8482-070807F53C82}.Release|iPhone.Build.0 = Release|iPhone
		{FE739FDB-E802-415F-AE00-20718C9809EA}.Debug|Any CPU.ActiveCfg = Debug|Any CPU
		{FE739FDB-E802-415F-AE00-20718C9809EA}.Debug|Any CPU.Build.0 = Debug|Any CPU
		{FE739FDB-E802-415F-AE00-20718C9809EA}.Release|Any CPU.ActiveCfg = Release|Any CPU
		{FE739FDB-E802-415F-AE00-20718C9809EA}.Release|Any CPU.Build.0 = Release|Any CPU
		{FE739FDB-E802-415F-AE00-20718C9809EA}.Debug|iPhoneSimulator.ActiveCfg = Debug|Any CPU
		{FE739FDB-E802-415F-AE00-20718C9809EA}.Debug|iPhoneSimulator.Build.0 = Debug|Any CPU
		{FE739FDB-E802-415F-AE00-20718C9809EA}.Release|iPhoneSimulator.ActiveCfg = Release|Any CPU
		{FE739FDB-E802-415F-AE00-20718C9809EA}.Release|iPhoneSimulator.Build.0 = Release|Any CPU
		{FE739FDB-E802-415F-AE00-20718C9809EA}.Debug|iPhone.ActiveCfg = Debug|Any CPU
		{FE739FDB-E802-415F-AE00-20718C9809EA}.Debug|iPhone.Build.0 = Debug|Any CPU
		{FE739FDB-E802-415F-AE00-20718C9809EA}.Release|iPhone.ActiveCfg = Release|Any CPU
		{FE739FDB-E802-415F-AE00-20718C9809EA}.Release|iPhone.Build.0 = Release|Any CPU
	EndGlobalSection
EndGlobal
